// !$*UTF8*$!
{
	archiveVersion = 1;
	classes = {
	};
	objectVersion = 52;
	objects = {

/* Begin PBXBuildFile section */
		C40D6F932405DB6C00428826 /* VenuePhotoInfo.swift in Sources */ = {isa = PBXBuildFile; fileRef = C40D6F922405DB6C00428826 /* VenuePhotoInfo.swift */; };
		C4128B2124070A74009A972F /* ExtendedVenueInfo.swift in Sources */ = {isa = PBXBuildFile; fileRef = C4128B2024070A74009A972F /* ExtendedVenueInfo.swift */; };
		C4491E18240082E100D47255 /* AppDelegate.swift in Sources */ = {isa = PBXBuildFile; fileRef = C4491E17240082E100D47255 /* AppDelegate.swift */; };
		C4491E1A240082E100D47255 /* SceneDelegate.swift in Sources */ = {isa = PBXBuildFile; fileRef = C4491E19240082E100D47255 /* SceneDelegate.swift */; };
		C4491E1C240082E100D47255 /* SearchController.swift in Sources */ = {isa = PBXBuildFile; fileRef = C4491E1B240082E100D47255 /* SearchController.swift */; };
		C4491E21240082E300D47255 /* Assets.xcassets in Resources */ = {isa = PBXBuildFile; fileRef = C4491E20240082E300D47255 /* Assets.xcassets */; };
		C4491E24240082E300D47255 /* LaunchScreen.storyboard in Resources */ = {isa = PBXBuildFile; fileRef = C4491E22240082E300D47255 /* LaunchScreen.storyboard */; };
		C4491E30240083E200D47255 /* FourSquareTabBarController.swift in Sources */ = {isa = PBXBuildFile; fileRef = C4491E2F240083E200D47255 /* FourSquareTabBarController.swift */; };
		C4491E322400840600D47255 /* DetailViewController.swift in Sources */ = {isa = PBXBuildFile; fileRef = C4491E312400840600D47255 /* DetailViewController.swift */; };
		C4491E34240084EE00D47255 /* CategoryController.swift in Sources */ = {isa = PBXBuildFile; fileRef = C4491E33240084EE00D47255 /* CategoryController.swift */; };
		C4491E362400857200D47255 /* ShowAllCollectionsController.swift in Sources */ = {isa = PBXBuildFile; fileRef = C4491E352400857200D47255 /* ShowAllCollectionsController.swift */; };
		C4491E382400867100D47255 /* SearchView.swift in Sources */ = {isa = PBXBuildFile; fileRef = C4491E372400867100D47255 /* SearchView.swift */; };
		C4491E3A2400867E00D47255 /* CategoryView.swift in Sources */ = {isa = PBXBuildFile; fileRef = C4491E392400867E00D47255 /* CategoryView.swift */; };
		C4491E3C2400868900D47255 /* DetailView.swift in Sources */ = {isa = PBXBuildFile; fileRef = C4491E3B2400868900D47255 /* DetailView.swift */; };
		C4491E3E2400869C00D47255 /* ShowAllCollections.swift in Sources */ = {isa = PBXBuildFile; fileRef = C4491E3D2400869C00D47255 /* ShowAllCollections.swift */; };
		C4491E40240086B600D47255 /* EmptyStateView.swift in Sources */ = {isa = PBXBuildFile; fileRef = C4491E3F240086B600D47255 /* EmptyStateView.swift */; };
		C4491E42240086CC00D47255 /* FourSqaureAPI.swift in Sources */ = {isa = PBXBuildFile; fileRef = C4491E41240086CC00D47255 /* FourSqaureAPI.swift */; };
		C4491E45240086EB00D47255 /* UIViewController+Extensions.swift in Sources */ = {isa = PBXBuildFile; fileRef = C4491E44240086EB00D47255 /* UIViewController+Extensions.swift */; };
		C4491E472400870000D47255 /* CoreLocationHandler.swift in Sources */ = {isa = PBXBuildFile; fileRef = C4491E462400870000D47255 /* CoreLocationHandler.swift */; };
		C4491E4A2400874E00D47255 /* CustomCollectionCell.swift in Sources */ = {isa = PBXBuildFile; fileRef = C4491E492400874E00D47255 /* CustomCollectionCell.swift */; };
		C4491E4C2400876700D47255 /* CustomTableViewCell.swift in Sources */ = {isa = PBXBuildFile; fileRef = C4491E4B2400876700D47255 /* CustomTableViewCell.swift */; };
		C4491E542400879C00D47255 /* SuperTerrificHappyFourSquareTests.swift in Sources */ = {isa = PBXBuildFile; fileRef = C4491E532400879C00D47255 /* SuperTerrificHappyFourSquareTests.swift */; };
		C4491E5D2400880500D47255 /* VenueInfo.swift in Sources */ = {isa = PBXBuildFile; fileRef = C4491E5C2400880500D47255 /* VenueInfo.swift */; };
		C4491E60240088C600D47255 /* ImageKit in Frameworks */ = {isa = PBXBuildFile; productRef = C4491E5F240088C600D47255 /* ImageKit */; };
		C4491E62240089B100D47255 /* APIKey.swift in Sources */ = {isa = PBXBuildFile; fileRef = C4491E61240089B100D47255 /* APIKey.swift */; };
/* End PBXBuildFile section */

/* Begin PBXContainerItemProxy section */
		C4491E562400879C00D47255 /* PBXContainerItemProxy */ = {
			isa = PBXContainerItemProxy;
			containerPortal = C4491E0C240082E100D47255 /* Project object */;
			proxyType = 1;
			remoteGlobalIDString = C4491E13240082E100D47255;
			remoteInfo = SuperTerrificHappyFourSquare;
		};
/* End PBXContainerItemProxy section */

/* Begin PBXFileReference section */
		C40D6F922405DB6C00428826 /* VenuePhotoInfo.swift */ = {isa = PBXFileReference; lastKnownFileType = sourcecode.swift; path = VenuePhotoInfo.swift; sourceTree = "<group>"; };
		C4128B2024070A74009A972F /* ExtendedVenueInfo.swift */ = {isa = PBXFileReference; lastKnownFileType = sourcecode.swift; path = ExtendedVenueInfo.swift; sourceTree = "<group>"; };
		C4491E14240082E100D47255 /* SuperTerrificHappyFourSquare.app */ = {isa = PBXFileReference; explicitFileType = wrapper.application; includeInIndex = 0; path = SuperTerrificHappyFourSquare.app; sourceTree = BUILT_PRODUCTS_DIR; };
		C4491E17240082E100D47255 /* AppDelegate.swift */ = {isa = PBXFileReference; lastKnownFileType = sourcecode.swift; path = AppDelegate.swift; sourceTree = "<group>"; };
		C4491E19240082E100D47255 /* SceneDelegate.swift */ = {isa = PBXFileReference; lastKnownFileType = sourcecode.swift; path = SceneDelegate.swift; sourceTree = "<group>"; };
		C4491E1B240082E100D47255 /* SearchController.swift */ = {isa = PBXFileReference; lastKnownFileType = sourcecode.swift; path = SearchController.swift; sourceTree = "<group>"; };
		C4491E20240082E300D47255 /* Assets.xcassets */ = {isa = PBXFileReference; lastKnownFileType = folder.assetcatalog; path = Assets.xcassets; sourceTree = "<group>"; };
		C4491E23240082E300D47255 /* Base */ = {isa = PBXFileReference; lastKnownFileType = file.storyboard; name = Base; path = Base.lproj/LaunchScreen.storyboard; sourceTree = "<group>"; };
		C4491E25240082E300D47255 /* Info.plist */ = {isa = PBXFileReference; lastKnownFileType = text.plist.xml; path = Info.plist; sourceTree = "<group>"; };
		C4491E2F240083E200D47255 /* FourSquareTabBarController.swift */ = {isa = PBXFileReference; lastKnownFileType = sourcecode.swift; path = FourSquareTabBarController.swift; sourceTree = "<group>"; };
		C4491E312400840600D47255 /* DetailViewController.swift */ = {isa = PBXFileReference; lastKnownFileType = sourcecode.swift; path = DetailViewController.swift; sourceTree = "<group>"; };
		C4491E33240084EE00D47255 /* CategoryController.swift */ = {isa = PBXFileReference; lastKnownFileType = sourcecode.swift; path = CategoryController.swift; sourceTree = "<group>"; };
		C4491E352400857200D47255 /* ShowAllCollectionsController.swift */ = {isa = PBXFileReference; lastKnownFileType = sourcecode.swift; path = ShowAllCollectionsController.swift; sourceTree = "<group>"; };
		C4491E372400867100D47255 /* SearchView.swift */ = {isa = PBXFileReference; lastKnownFileType = sourcecode.swift; path = SearchView.swift; sourceTree = "<group>"; };
		C4491E392400867E00D47255 /* CategoryView.swift */ = {isa = PBXFileReference; lastKnownFileType = sourcecode.swift; path = CategoryView.swift; sourceTree = "<group>"; };
		C4491E3B2400868900D47255 /* DetailView.swift */ = {isa = PBXFileReference; lastKnownFileType = sourcecode.swift; path = DetailView.swift; sourceTree = "<group>"; };
		C4491E3D2400869C00D47255 /* ShowAllCollections.swift */ = {isa = PBXFileReference; lastKnownFileType = sourcecode.swift; path = ShowAllCollections.swift; sourceTree = "<group>"; };
		C4491E3F240086B600D47255 /* EmptyStateView.swift */ = {isa = PBXFileReference; lastKnownFileType = sourcecode.swift; path = EmptyStateView.swift; sourceTree = "<group>"; };
		C4491E41240086CC00D47255 /* FourSqaureAPI.swift */ = {isa = PBXFileReference; lastKnownFileType = sourcecode.swift; path = FourSqaureAPI.swift; sourceTree = "<group>"; };
		C4491E44240086EB00D47255 /* UIViewController+Extensions.swift */ = {isa = PBXFileReference; lastKnownFileType = sourcecode.swift; path = "UIViewController+Extensions.swift"; sourceTree = "<group>"; };
		C4491E462400870000D47255 /* CoreLocationHandler.swift */ = {isa = PBXFileReference; lastKnownFileType = sourcecode.swift; path = CoreLocationHandler.swift; sourceTree = "<group>"; };
		C4491E492400874E00D47255 /* CustomCollectionCell.swift */ = {isa = PBXFileReference; lastKnownFileType = sourcecode.swift; path = CustomCollectionCell.swift; sourceTree = "<group>"; };
		C4491E4B2400876700D47255 /* CustomTableViewCell.swift */ = {isa = PBXFileReference; lastKnownFileType = sourcecode.swift; path = CustomTableViewCell.swift; sourceTree = "<group>"; };
		C4491E512400879C00D47255 /* SuperTerrificHappyFourSquareTests.xctest */ = {isa = PBXFileReference; explicitFileType = wrapper.cfbundle; includeInIndex = 0; path = SuperTerrificHappyFourSquareTests.xctest; sourceTree = BUILT_PRODUCTS_DIR; };
		C4491E532400879C00D47255 /* SuperTerrificHappyFourSquareTests.swift */ = {isa = PBXFileReference; lastKnownFileType = sourcecode.swift; path = SuperTerrificHappyFourSquareTests.swift; sourceTree = "<group>"; };
		C4491E552400879C00D47255 /* Info.plist */ = {isa = PBXFileReference; lastKnownFileType = text.plist.xml; path = Info.plist; sourceTree = "<group>"; };
		C4491E5C2400880500D47255 /* VenueInfo.swift */ = {isa = PBXFileReference; lastKnownFileType = sourcecode.swift; path = VenueInfo.swift; sourceTree = "<group>"; };
		C4491E61240089B100D47255 /* APIKey.swift */ = {isa = PBXFileReference; lastKnownFileType = sourcecode.swift; path = APIKey.swift; sourceTree = "<group>"; };
/* End PBXFileReference section */

/* Begin PBXFrameworksBuildPhase section */
		C4491E11240082E100D47255 /* Frameworks */ = {
			isa = PBXFrameworksBuildPhase;
			buildActionMask = 2147483647;
			files = (
				C4491E60240088C600D47255 /* ImageKit in Frameworks */,
			);
			runOnlyForDeploymentPostprocessing = 0;
		};
		C4491E4E2400879C00D47255 /* Frameworks */ = {
			isa = PBXFrameworksBuildPhase;
			buildActionMask = 2147483647;
			files = (
			);
			runOnlyForDeploymentPostprocessing = 0;
		};
/* End PBXFrameworksBuildPhase section */

/* Begin PBXGroup section */
		C4491E0B240082E100D47255 = {
			isa = PBXGroup;
			children = (
				C4491E16240082E100D47255 /* SuperTerrificHappyFourSquare */,
				C4491E522400879C00D47255 /* SuperTerrificHappyFourSquareTests */,
				C4491E15240082E100D47255 /* Products */,
			);
			sourceTree = "<group>";
		};
		C4491E15240082E100D47255 /* Products */ = {
			isa = PBXGroup;
			children = (
				C4491E14240082E100D47255 /* SuperTerrificHappyFourSquare.app */,
				C4491E512400879C00D47255 /* SuperTerrificHappyFourSquareTests.xctest */,
			);
			name = Products;
			sourceTree = "<group>";
		};
		C4491E16240082E100D47255 /* SuperTerrificHappyFourSquare */ = {
			isa = PBXGroup;
			children = (
				C4491E5B240087D900D47255 /* Model */,
				C4491E482400870E00D47255 /* Cells */,
				C4491E43240086D600D47255 /* Extension */,
				C4491E2E2400836E00D47255 /* Views */,
				C4491E2D2400836500D47255 /* Controllers */,
				C4491E2C2400835C00D47255 /* Network */,
				C4491E2B2400830A00D47255 /* SupportingFiles */,
				C4491E25240082E300D47255 /* Info.plist */,
			);
			path = SuperTerrificHappyFourSquare;
			sourceTree = "<group>";
		};
		C4491E2B2400830A00D47255 /* SupportingFiles */ = {
			isa = PBXGroup;
			children = (
				C4491E17240082E100D47255 /* AppDelegate.swift */,
				C4491E19240082E100D47255 /* SceneDelegate.swift */,
				C4491E20240082E300D47255 /* Assets.xcassets */,
				C4491E22240082E300D47255 /* LaunchScreen.storyboard */,
			);
			path = SupportingFiles;
			sourceTree = "<group>";
		};
		C4491E2C2400835C00D47255 /* Network */ = {
			isa = PBXGroup;
			children = (
				C4491E41240086CC00D47255 /* FourSqaureAPI.swift */,
				C4491E462400870000D47255 /* CoreLocationHandler.swift */,
			);
			path = Network;
			sourceTree = "<group>";
		};
		C4491E2D2400836500D47255 /* Controllers */ = {
			isa = PBXGroup;
			children = (
				C4491E1B240082E100D47255 /* SearchController.swift */,
				C4491E33240084EE00D47255 /* CategoryController.swift */,
				C4491E312400840600D47255 /* DetailViewController.swift */,
				C4491E352400857200D47255 /* ShowAllCollectionsController.swift */,
				C4491E2F240083E200D47255 /* FourSquareTabBarController.swift */,
			);
			path = Controllers;
			sourceTree = "<group>";
		};
		C4491E2E2400836E00D47255 /* Views */ = {
			isa = PBXGroup;
			children = (
				C4491E372400867100D47255 /* SearchView.swift */,
				C4491E392400867E00D47255 /* CategoryView.swift */,
				C4491E3B2400868900D47255 /* DetailView.swift */,
				C4491E3D2400869C00D47255 /* ShowAllCollections.swift */,
				C4491E3F240086B600D47255 /* EmptyStateView.swift */,
			);
			path = Views;
			sourceTree = "<group>";
		};
		C4491E43240086D600D47255 /* Extension */ = {
			isa = PBXGroup;
			children = (
				C4491E44240086EB00D47255 /* UIViewController+Extensions.swift */,
			);
			path = Extension;
			sourceTree = "<group>";
		};
		C4491E482400870E00D47255 /* Cells */ = {
			isa = PBXGroup;
			children = (
				C4491E492400874E00D47255 /* CustomCollectionCell.swift */,
				C4491E4B2400876700D47255 /* CustomTableViewCell.swift */,
			);
			path = Cells;
			sourceTree = "<group>";
		};
		C4491E522400879C00D47255 /* SuperTerrificHappyFourSquareTests */ = {
			isa = PBXGroup;
			children = (
				C4491E532400879C00D47255 /* SuperTerrificHappyFourSquareTests.swift */,
				C4491E552400879C00D47255 /* Info.plist */,
			);
			path = SuperTerrificHappyFourSquareTests;
			sourceTree = "<group>";
		};
		C4491E5B240087D900D47255 /* Model */ = {
			isa = PBXGroup;
			children = (
				C4491E5C2400880500D47255 /* VenueInfo.swift */,
				C4491E61240089B100D47255 /* APIKey.swift */,
				C40D6F922405DB6C00428826 /* VenuePhotoInfo.swift */,
				C4128B2024070A74009A972F /* ExtendedVenueInfo.swift */,
			);
			path = Model;
			sourceTree = "<group>";
		};
/* End PBXGroup section */

/* Begin PBXNativeTarget section */
		C4491E13240082E100D47255 /* SuperTerrificHappyFourSquare */ = {
			isa = PBXNativeTarget;
			buildConfigurationList = C4491E28240082E300D47255 /* Build configuration list for PBXNativeTarget "SuperTerrificHappyFourSquare" */;
			buildPhases = (
				C4491E10240082E100D47255 /* Sources */,
				C4491E11240082E100D47255 /* Frameworks */,
				C4491E12240082E100D47255 /* Resources */,
			);
			buildRules = (
			);
			dependencies = (
			);
			name = SuperTerrificHappyFourSquare;
			packageProductDependencies = (
				C4491E5F240088C600D47255 /* ImageKit */,
			);
			productName = SuperTerrificHappyFourSquare;
			productReference = C4491E14240082E100D47255 /* SuperTerrificHappyFourSquare.app */;
			productType = "com.apple.product-type.application";
		};
		C4491E502400879C00D47255 /* SuperTerrificHappyFourSquareTests */ = {
			isa = PBXNativeTarget;
			buildConfigurationList = C4491E582400879C00D47255 /* Build configuration list for PBXNativeTarget "SuperTerrificHappyFourSquareTests" */;
			buildPhases = (
				C4491E4D2400879C00D47255 /* Sources */,
				C4491E4E2400879C00D47255 /* Frameworks */,
				C4491E4F2400879C00D47255 /* Resources */,
			);
			buildRules = (
			);
			dependencies = (
				C4491E572400879C00D47255 /* PBXTargetDependency */,
			);
			name = SuperTerrificHappyFourSquareTests;
			productName = SuperTerrificHappyFourSquareTests;
			productReference = C4491E512400879C00D47255 /* SuperTerrificHappyFourSquareTests.xctest */;
			productType = "com.apple.product-type.bundle.unit-test";
		};
/* End PBXNativeTarget section */

/* Begin PBXProject section */
		C4491E0C240082E100D47255 /* Project object */ = {
			isa = PBXProject;
			attributes = {
				LastSwiftUpdateCheck = 1130;
				LastUpgradeCheck = 1130;
				ORGANIZATIONNAME = "Cameron Rivera";
				TargetAttributes = {
					C4491E13240082E100D47255 = {
						CreatedOnToolsVersion = 11.3.1;
					};
					C4491E502400879C00D47255 = {
						CreatedOnToolsVersion = 11.3.1;
						TestTargetID = C4491E13240082E100D47255;
					};
				};
			};
			buildConfigurationList = C4491E0F240082E100D47255 /* Build configuration list for PBXProject "SuperTerrificHappyFourSquare" */;
			compatibilityVersion = "Xcode 9.3";
			developmentRegion = en;
			hasScannedForEncodings = 0;
			knownRegions = (
				en,
				Base,
			);
			mainGroup = C4491E0B240082E100D47255;
			packageReferences = (
				C4491E5E240088C600D47255 /* XCRemoteSwiftPackageReference "ImageKit" */,
			);
			productRefGroup = C4491E15240082E100D47255 /* Products */;
			projectDirPath = "";
			projectRoot = "";
			targets = (
				C4491E13240082E100D47255 /* SuperTerrificHappyFourSquare */,
				C4491E502400879C00D47255 /* SuperTerrificHappyFourSquareTests */,
			);
		};
/* End PBXProject section */

/* Begin PBXResourcesBuildPhase section */
		C4491E12240082E100D47255 /* Resources */ = {
			isa = PBXResourcesBuildPhase;
			buildActionMask = 2147483647;
			files = (
				C4491E24240082E300D47255 /* LaunchScreen.storyboard in Resources */,
				C4491E21240082E300D47255 /* Assets.xcassets in Resources */,
			);
			runOnlyForDeploymentPostprocessing = 0;
		};
		C4491E4F2400879C00D47255 /* Resources */ = {
			isa = PBXResourcesBuildPhase;
			buildActionMask = 2147483647;
			files = (
			);
			runOnlyForDeploymentPostprocessing = 0;
		};
/* End PBXResourcesBuildPhase section */

/* Begin PBXSourcesBuildPhase section */
		C4491E10240082E100D47255 /* Sources */ = {
			isa = PBXSourcesBuildPhase;
			buildActionMask = 2147483647;
			files = (
				C4491E42240086CC00D47255 /* FourSqaureAPI.swift in Sources */,
				C4491E62240089B100D47255 /* APIKey.swift in Sources */,
				C4491E30240083E200D47255 /* FourSquareTabBarController.swift in Sources */,
				C4491E1C240082E100D47255 /* SearchController.swift in Sources */,
				C4491E3E2400869C00D47255 /* ShowAllCollections.swift in Sources */,
				C4491E322400840600D47255 /* DetailViewController.swift in Sources */,
				C4128B2124070A74009A972F /* ExtendedVenueInfo.swift in Sources */,
				C4491E3C2400868900D47255 /* DetailView.swift in Sources */,
				C4491E362400857200D47255 /* ShowAllCollectionsController.swift in Sources */,
				C40D6F932405DB6C00428826 /* VenuePhotoInfo.swift in Sources */,
				C4491E40240086B600D47255 /* EmptyStateView.swift in Sources */,
				C4491E382400867100D47255 /* SearchView.swift in Sources */,
				C4491E4C2400876700D47255 /* CustomTableViewCell.swift in Sources */,
				C4491E18240082E100D47255 /* AppDelegate.swift in Sources */,
				C4491E5D2400880500D47255 /* VenueInfo.swift in Sources */,
				C4491E45240086EB00D47255 /* UIViewController+Extensions.swift in Sources */,
				C4491E1A240082E100D47255 /* SceneDelegate.swift in Sources */,
				C4491E4A2400874E00D47255 /* CustomCollectionCell.swift in Sources */,
				C4491E34240084EE00D47255 /* CategoryController.swift in Sources */,
				C4491E472400870000D47255 /* CoreLocationHandler.swift in Sources */,
				C4491E3A2400867E00D47255 /* CategoryView.swift in Sources */,
			);
			runOnlyForDeploymentPostprocessing = 0;
		};
		C4491E4D2400879C00D47255 /* Sources */ = {
			isa = PBXSourcesBuildPhase;
			buildActionMask = 2147483647;
			files = (
				C4491E542400879C00D47255 /* SuperTerrificHappyFourSquareTests.swift in Sources */,
			);
			runOnlyForDeploymentPostprocessing = 0;
		};
/* End PBXSourcesBuildPhase section */

/* Begin PBXTargetDependency section */
		C4491E572400879C00D47255 /* PBXTargetDependency */ = {
			isa = PBXTargetDependency;
			target = C4491E13240082E100D47255 /* SuperTerrificHappyFourSquare */;
			targetProxy = C4491E562400879C00D47255 /* PBXContainerItemProxy */;
		};
/* End PBXTargetDependency section */

/* Begin PBXVariantGroup section */
		C4491E22240082E300D47255 /* LaunchScreen.storyboard */ = {
			isa = PBXVariantGroup;
			children = (
				C4491E23240082E300D47255 /* Base */,
			);
			name = LaunchScreen.storyboard;
			sourceTree = "<group>";
		};
/* End PBXVariantGroup section */

/* Begin XCBuildConfiguration section */
		C4491E26240082E300D47255 /* Debug */ = {
			isa = XCBuildConfiguration;
			buildSettings = {
				ALWAYS_SEARCH_USER_PATHS = NO;
				CLANG_ANALYZER_NONNULL = YES;
				CLANG_ANALYZER_NUMBER_OBJECT_CONVERSION = YES_AGGRESSIVE;
				CLANG_CXX_LANGUAGE_STANDARD = "gnu++14";
				CLANG_CXX_LIBRARY = "libc++";
				CLANG_ENABLE_MODULES = YES;
				CLANG_ENABLE_OBJC_ARC = YES;
				CLANG_ENABLE_OBJC_WEAK = YES;
				CLANG_WARN_BLOCK_CAPTURE_AUTORELEASING = YES;
				CLANG_WARN_BOOL_CONVERSION = YES;
				CLANG_WARN_COMMA = YES;
				CLANG_WARN_CONSTANT_CONVERSION = YES;
				CLANG_WARN_DEPRECATED_OBJC_IMPLEMENTATIONS = YES;
				CLANG_WARN_DIRECT_OBJC_ISA_USAGE = YES_ERROR;
				CLANG_WARN_DOCUMENTATION_COMMENTS = YES;
				CLANG_WARN_EMPTY_BODY = YES;
				CLANG_WARN_ENUM_CONVERSION = YES;
				CLANG_WARN_INFINITE_RECURSION = YES;
				CLANG_WARN_INT_CONVERSION = YES;
				CLANG_WARN_NON_LITERAL_NULL_CONVERSION = YES;
				CLANG_WARN_OBJC_IMPLICIT_RETAIN_SELF = YES;
				CLANG_WARN_OBJC_LITERAL_CONVERSION = YES;
				CLANG_WARN_OBJC_ROOT_CLASS = YES_ERROR;
				CLANG_WARN_RANGE_LOOP_ANALYSIS = YES;
				CLANG_WARN_STRICT_PROTOTYPES = YES;
				CLANG_WARN_SUSPICIOUS_MOVE = YES;
				CLANG_WARN_UNGUARDED_AVAILABILITY = YES_AGGRESSIVE;
				CLANG_WARN_UNREACHABLE_CODE = YES;
				CLANG_WARN__DUPLICATE_METHOD_MATCH = YES;
				COPY_PHASE_STRIP = NO;
				DEBUG_INFORMATION_FORMAT = dwarf;
				ENABLE_STRICT_OBJC_MSGSEND = YES;
				ENABLE_TESTABILITY = YES;
				GCC_C_LANGUAGE_STANDARD = gnu11;
				GCC_DYNAMIC_NO_PIC = NO;
				GCC_NO_COMMON_BLOCKS = YES;
				GCC_OPTIMIZATION_LEVEL = 0;
				GCC_PREPROCESSOR_DEFINITIONS = (
					"DEBUG=1",
					"$(inherited)",
				);
				GCC_WARN_64_TO_32_BIT_CONVERSION = YES;
				GCC_WARN_ABOUT_RETURN_TYPE = YES_ERROR;
				GCC_WARN_UNDECLARED_SELECTOR = YES;
				GCC_WARN_UNINITIALIZED_AUTOS = YES_AGGRESSIVE;
				GCC_WARN_UNUSED_FUNCTION = YES;
				GCC_WARN_UNUSED_VARIABLE = YES;
				IPHONEOS_DEPLOYMENT_TARGET = 13.2;
				MTL_ENABLE_DEBUG_INFO = INCLUDE_SOURCE;
				MTL_FAST_MATH = YES;
				ONLY_ACTIVE_ARCH = YES;
				SDKROOT = iphoneos;
				SWIFT_ACTIVE_COMPILATION_CONDITIONS = DEBUG;
				SWIFT_OPTIMIZATION_LEVEL = "-Onone";
			};
			name = Debug;
		};
		C4491E27240082E300D47255 /* Release */ = {
			isa = XCBuildConfiguration;
			buildSettings = {
				ALWAYS_SEARCH_USER_PATHS = NO;
				CLANG_ANALYZER_NONNULL = YES;
				CLANG_ANALYZER_NUMBER_OBJECT_CONVERSION = YES_AGGRESSIVE;
				CLANG_CXX_LANGUAGE_STANDARD = "gnu++14";
				CLANG_CXX_LIBRARY = "libc++";
				CLANG_ENABLE_MODULES = YES;
				CLANG_ENABLE_OBJC_ARC = YES;
				CLANG_ENABLE_OBJC_WEAK = YES;
				CLANG_WARN_BLOCK_CAPTURE_AUTORELEASING = YES;
				CLANG_WARN_BOOL_CONVERSION = YES;
				CLANG_WARN_COMMA = YES;
				CLANG_WARN_CONSTANT_CONVERSION = YES;
				CLANG_WARN_DEPRECATED_OBJC_IMPLEMENTATIONS = YES;
				CLANG_WARN_DIRECT_OBJC_ISA_USAGE = YES_ERROR;
				CLANG_WARN_DOCUMENTATION_COMMENTS = YES;
				CLANG_WARN_EMPTY_BODY = YES;
				CLANG_WARN_ENUM_CONVERSION = YES;
				CLANG_WARN_INFINITE_RECURSION = YES;
				CLANG_WARN_INT_CONVERSION = YES;
				CLANG_WARN_NON_LITERAL_NULL_CONVERSION = YES;
				CLANG_WARN_OBJC_IMPLICIT_RETAIN_SELF = YES;
				CLANG_WARN_OBJC_LITERAL_CONVERSION = YES;
				CLANG_WARN_OBJC_ROOT_CLASS = YES_ERROR;
				CLANG_WARN_RANGE_LOOP_ANALYSIS = YES;
				CLANG_WARN_STRICT_PROTOTYPES = YES;
				CLANG_WARN_SUSPICIOUS_MOVE = YES;
				CLANG_WARN_UNGUARDED_AVAILABILITY = YES_AGGRESSIVE;
				CLANG_WARN_UNREACHABLE_CODE = YES;
				CLANG_WARN__DUPLICATE_METHOD_MATCH = YES;
				COPY_PHASE_STRIP = NO;
				DEBUG_INFORMATION_FORMAT = "dwarf-with-dsym";
				ENABLE_NS_ASSERTIONS = NO;
				ENABLE_STRICT_OBJC_MSGSEND = YES;
				GCC_C_LANGUAGE_STANDARD = gnu11;
				GCC_NO_COMMON_BLOCKS = YES;
				GCC_WARN_64_TO_32_BIT_CONVERSION = YES;
				GCC_WARN_ABOUT_RETURN_TYPE = YES_ERROR;
				GCC_WARN_UNDECLARED_SELECTOR = YES;
				GCC_WARN_UNINITIALIZED_AUTOS = YES_AGGRESSIVE;
				GCC_WARN_UNUSED_FUNCTION = YES;
				GCC_WARN_UNUSED_VARIABLE = YES;
				IPHONEOS_DEPLOYMENT_TARGET = 13.2;
				MTL_ENABLE_DEBUG_INFO = NO;
				MTL_FAST_MATH = YES;
				SDKROOT = iphoneos;
				SWIFT_COMPILATION_MODE = wholemodule;
				SWIFT_OPTIMIZATION_LEVEL = "-O";
				VALIDATE_PRODUCT = YES;
			};
			name = Release;
		};
		C4491E29240082E300D47255 /* Debug */ = {
			isa = XCBuildConfiguration;
			buildSettings = {
				ASSETCATALOG_COMPILER_APPICON_NAME = AppIcon;
				CODE_SIGN_STYLE = Automatic;
				DEVELOPMENT_TEAM = 6D2PJ2UC46;
				INFOPLIST_FILE = SuperTerrificHappyFourSquare/Info.plist;
				LD_RUNPATH_SEARCH_PATHS = (
					"$(inherited)",
					"@executable_path/Frameworks",
				);
				PRODUCT_BUNDLE_IDENTIFIER = com.cameronrivera.SuperTerrificHappyFourSquare;
				PRODUCT_NAME = "$(TARGET_NAME)";
				SWIFT_VERSION = 5.0;
				TARGETED_DEVICE_FAMILY = "1,2";
			};
			name = Debug;
		};
		C4491E2A240082E300D47255 /* Release */ = {
			isa = XCBuildConfiguration;
			buildSettings = {
				ASSETCATALOG_COMPILER_APPICON_NAME = AppIcon;
				CODE_SIGN_STYLE = Automatic;
				DEVELOPMENT_TEAM = 6D2PJ2UC46;
				INFOPLIST_FILE = SuperTerrificHappyFourSquare/Info.plist;
				LD_RUNPATH_SEARCH_PATHS = (
					"$(inherited)",
					"@executable_path/Frameworks",
				);
				PRODUCT_BUNDLE_IDENTIFIER = com.cameronrivera.SuperTerrificHappyFourSquare;
				PRODUCT_NAME = "$(TARGET_NAME)";
				SWIFT_VERSION = 5.0;
				TARGETED_DEVICE_FAMILY = "1,2";
			};
			name = Release;
		};
		C4491E592400879C00D47255 /* Debug */ = {
			isa = XCBuildConfiguration;
			buildSettings = {
				BUNDLE_LOADER = "$(TEST_HOST)";
				CODE_SIGN_STYLE = Automatic;
				DEVELOPMENT_TEAM = 6D2PJ2UC46;
				INFOPLIST_FILE = SuperTerrificHappyFourSquareTests/Info.plist;
				LD_RUNPATH_SEARCH_PATHS = (
					"$(inherited)",
					"@executable_path/Frameworks",
					"@loader_path/Frameworks",
				);
				PRODUCT_BUNDLE_IDENTIFIER = com.cameronrivera.SuperTerrificHappyFourSquareTests;
				PRODUCT_NAME = "$(TARGET_NAME)";
				SWIFT_VERSION = 5.0;
				TARGETED_DEVICE_FAMILY = "1,2";
				TEST_HOST = "$(BUILT_PRODUCTS_DIR)/SuperTerrificHappyFourSquare.app/SuperTerrificHappyFourSquare";
			};
			name = Debug;
		};
		C4491E5A2400879C00D47255 /* Release */ = {
			isa = XCBuildConfiguration;
			buildSettings = {
				BUNDLE_LOADER = "$(TEST_HOST)";
				CODE_SIGN_STYLE = Automatic;
				DEVELOPMENT_TEAM = 6D2PJ2UC46;
				INFOPLIST_FILE = SuperTerrificHappyFourSquareTests/Info.plist;
				LD_RUNPATH_SEARCH_PATHS = (
					"$(inherited)",
					"@executable_path/Frameworks",
					"@loader_path/Frameworks",
				);
				PRODUCT_BUNDLE_IDENTIFIER = com.cameronrivera.SuperTerrificHappyFourSquareTests;
				PRODUCT_NAME = "$(TARGET_NAME)";
				SWIFT_VERSION = 5.0;
				TARGETED_DEVICE_FAMILY = "1,2";
				TEST_HOST = "$(BUILT_PRODUCTS_DIR)/SuperTerrificHappyFourSquare.app/SuperTerrificHappyFourSquare";
			};
			name = Release;
		};
/* End XCBuildConfiguration section */

/* Begin XCConfigurationList section */
		C4491E0F240082E100D47255 /* Build configuration list for PBXProject "SuperTerrificHappyFourSquare" */ = {
			isa = XCConfigurationList;
			buildConfigurations = (
				C4491E26240082E300D47255 /* Debug */,
				C4491E27240082E300D47255 /* Release */,
			);
			defaultConfigurationIsVisible = 0;
			defaultConfigurationName = Release;
		};
		C4491E28240082E300D47255 /* Build configuration list for PBXNativeTarget "SuperTerrificHappyFourSquare" */ = {
			isa = XCConfigurationList;
			buildConfigurations = (
				C4491E29240082E300D47255 /* Debug */,
				C4491E2A240082E300D47255 /* Release */,
			);
			defaultConfigurationIsVisible = 0;
			defaultConfigurationName = Release;
		};
		C4491E582400879C00D47255 /* Build configuration list for PBXNativeTarget "SuperTerrificHappyFourSquareTests" */ = {
			isa = XCConfigurationList;
			buildConfigurations = (
				C4491E592400879C00D47255 /* Debug */,
				C4491E5A2400879C00D47255 /* Release */,
			);
			defaultConfigurationIsVisible = 0;
			defaultConfigurationName = Release;
		};
/* End XCConfigurationList section */

/* Begin XCRemoteSwiftPackageReference section */
		C4491E5E240088C600D47255 /* XCRemoteSwiftPackageReference "ImageKit" */ = {
			isa = XCRemoteSwiftPackageReference;
			repositoryURL = "https://github.com/alexpaul/ImageKit";
			requirement = {
				kind = upToNextMajorVersion;
				minimumVersion = 1.0.4;
			};
		};
/* End XCRemoteSwiftPackageReference section */

/* Begin XCSwiftPackageProductDependency section */
		C4491E5F240088C600D47255 /* ImageKit */ = {
			isa = XCSwiftPackageProductDependency;
			package = C4491E5E240088C600D47255 /* XCRemoteSwiftPackageReference "ImageKit" */;
			productName = ImageKit;
		};
/* End XCSwiftPackageProductDependency section */
	};
	rootObject = C4491E0C240082E100D47255 /* Project object */;
}
